
Microsoft Visual Studio Solution File, Format Version 12.00
# Visual Studio Version 17
VisualStudioVersion = 17.0.32014.148
MinimumVisualStudioVersion = 10.0.40219.1
Project("{FAE04EC0-301F-11D3-BF4B-00C04F79EFBC}") = "GameOfDrones", "GameOfDrones.csproj", "{A3CF6484-0835-4ADD-B189-420D75D8EF1F}"
EndProject
Global
	GlobalSection(SolutionConfigurationPlatforms) = preSolution
		Debug|Any CPU = Debug|Any CPU
		Release|Any CPU = Release|Any CPU
	EndGlobalSection
	GlobalSection(ProjectConfigurationPlatforms) = postSolution
		{A3CF6484-0835-4ADD-B189-420D75D8EF1F}.Debug|Any CPU.ActiveCfg = Debug|Any CPU
		{A3CF6484-0835-4ADD-B189-420D75D8EF1F}.Debug|Any CPU.Build.0 = Debug|Any CPU
		{A3CF6484-0835-4ADD-B189-420D75D8EF1F}.Release|Any CPU.ActiveCfg = Release|Any CPU
		{A3CF6484-0835-4ADD-B189-420D75D8EF1F}.Release|Any CPU.Build.0 = Release|Any CPU
	EndGlobalSection
	GlobalSection(SolutionProperties) = preSolution
		HideSolutionNode = FALSE
	EndGlobalSection
	GlobalSection(ExtensibilityGlobals) = postSolution
		SolutionGuid = {04BC9421-6471-4AF2-BDF8-3602E513669E}
	EndGlobalSection
EndGlobal
